
Microsoft Visual Studio Solution File, Format Version 12.00
# Visual Studio Version 16
VisualStudioVersion = 16.0.29009.5
MinimumVisualStudioVersion = 10.0.40219.1
Project("{9A19103F-16F7-4668-BE54-9A1E7A4F7556}") = "StudentsManager.UI", "StudentsManager.UI.csproj", "{30A23DFB-D473-4933-975E-79D55782555B}"
EndProject
Project("{E53339B2-1760-4266-BCC7-CA923CBCF16C}") = "docker-compose", "docker-compose.dcproj", "{3B1B5238-1B2B-4F03-8322-FA4B3B911FDA}"
EndProject
Global
	GlobalSection(SolutionConfigurationPlatforms) = preSolution
		Debug|Any CPU = Debug|Any CPU
		Release|Any CPU = Release|Any CPU
	EndGlobalSection
	GlobalSection(ProjectConfigurationPlatforms) = postSolution
		{30A23DFB-D473-4933-975E-79D55782555B}.Debug|Any CPU.ActiveCfg = Debug|Any CPU
		{30A23DFB-D473-4933-975E-79D55782555B}.Debug|Any CPU.Build.0 = Debug|Any CPU
		{30A23DFB-D473-4933-975E-79D55782555B}.Release|Any CPU.ActiveCfg = Release|Any CPU
		{30A23DFB-D473-4933-975E-79D55782555B}.Release|Any CPU.Build.0 = Release|Any CPU
		{3B1B5238-1B2B-4F03-8322-FA4B3B911FDA}.Debug|Any CPU.ActiveCfg = Debug|Any CPU
		{3B1B5238-1B2B-4F03-8322-FA4B3B911FDA}.Debug|Any CPU.Build.0 = Debug|Any CPU
		{3B1B5238-1B2B-4F03-8322-FA4B3B911FDA}.Release|Any CPU.ActiveCfg = Release|Any CPU
		{3B1B5238-1B2B-4F03-8322-FA4B3B911FDA}.Release|Any CPU.Build.0 = Release|Any CPU
	EndGlobalSection
	GlobalSection(SolutionProperties) = preSolution
		HideSolutionNode = FALSE
	EndGlobalSection
	GlobalSection(ExtensibilityGlobals) = postSolution
		SolutionGuid = {4BF4206B-D602-41CE-8274-DCF0B81D34D1}
	EndGlobalSection
EndGlobal
